// !$*UTF8*$!
{
	archiveVersion = 1;
	classes = {
	};
	objectVersion = 56;
	objects = {

/* Begin PBXBuildFile section */
		68CBE93E2A0E3F0D00F4AC2E /* CinematicAPI.docc in Sources */ = {isa = PBXBuildFile; fileRef = 68CBE93D2A0E3F0D00F4AC2E /* CinematicAPI.docc */; };
		68CBE93F2A0E3F0D00F4AC2E /* CinematicAPI.h in Headers */ = {isa = PBXBuildFile; fileRef = 68CBE93C2A0E3F0D00F4AC2E /* CinematicAPI.h */; settings = {ATTRIBUTES = (Public, ); }; };
		68CBE94F2A0E40EE00F4AC2E /* Constants.swift in Sources */ = {isa = PBXBuildFile; fileRef = 68CBE94E2A0E40EE00F4AC2E /* Constants.swift */; };
		68CBE9562A0E420900F4AC2E /* Section.swift in Sources */ = {isa = PBXBuildFile; fileRef = 68CBE9552A0E420900F4AC2E /* Section.swift */; };
		68CBE9582A0E424900F4AC2E /* Video.swift in Sources */ = {isa = PBXBuildFile; fileRef = 68CBE9572A0E424900F4AC2E /* Video.swift */; };
		68CBE95A2A0E426500F4AC2E /* Genre.swift in Sources */ = {isa = PBXBuildFile; fileRef = 68CBE9592A0E426500F4AC2E /* Genre.swift */; };
		68CBE95C2A0E429500F4AC2E /* Status.swift in Sources */ = {isa = PBXBuildFile; fileRef = 68CBE95B2A0E429500F4AC2E /* Status.swift */; };
		68CBE95E2A0E42B100F4AC2E /* MediaType.swift in Sources */ = {isa = PBXBuildFile; fileRef = 68CBE95D2A0E42B100F4AC2E /* MediaType.swift */; };
		68CBE9602A0E42D300F4AC2E /* MediaSummary.swift in Sources */ = {isa = PBXBuildFile; fileRef = 68CBE95F2A0E42D300F4AC2E /* MediaSummary.swift */; };
		68CBE9622A0E42F100F4AC2E /* MediaResult.swift in Sources */ = {isa = PBXBuildFile; fileRef = 68CBE9612A0E42F100F4AC2E /* MediaResult.swift */; };
		68CBE9642A0E431200F4AC2E /* Cast.swift in Sources */ = {isa = PBXBuildFile; fileRef = 68CBE9632A0E431200F4AC2E /* Cast.swift */; };
		68CBE9662A0E433400F4AC2E /* Crew.swift in Sources */ = {isa = PBXBuildFile; fileRef = 68CBE9652A0E433400F4AC2E /* Crew.swift */; };
		68CBE9682A0E435000F4AC2E /* Credits.swift in Sources */ = {isa = PBXBuildFile; fileRef = 68CBE9672A0E435000F4AC2E /* Credits.swift */; };
		68CBE96A2A0E436F00F4AC2E /* Movie.swift in Sources */ = {isa = PBXBuildFile; fileRef = 68CBE9692A0E436F00F4AC2E /* Movie.swift */; };
		68CBE96C2A0E439B00F4AC2E /* TV.swift in Sources */ = {isa = PBXBuildFile; fileRef = 68CBE96B2A0E439B00F4AC2E /* TV.swift */; };
		68CBE96E2A0E43BC00F4AC2E /* DummyData.swift in Sources */ = {isa = PBXBuildFile; fileRef = 68CBE96D2A0E43BC00F4AC2E /* DummyData.swift */; };
		68CBE9702A0E43E200F4AC2E /* NetworkRequestError.swift in Sources */ = {isa = PBXBuildFile; fileRef = 68CBE96F2A0E43E200F4AC2E /* NetworkRequestError.swift */; };
		68CBE9732A0E440300F4AC2E /* URLExtensions.swift in Sources */ = {isa = PBXBuildFile; fileRef = 68CBE9722A0E440300F4AC2E /* URLExtensions.swift */; };
		68CBE9752A0E442F00F4AC2E /* ImageDownloader.swift in Sources */ = {isa = PBXBuildFile; fileRef = 68CBE9742A0E442F00F4AC2E /* ImageDownloader.swift */; };
		68CBE9772A0E444E00F4AC2E /* CinematicURL.swift in Sources */ = {isa = PBXBuildFile; fileRef = 68CBE9762A0E444E00F4AC2E /* CinematicURL.swift */; };
		68CBE9792A0E447D00F4AC2E /* GenreService.swift in Sources */ = {isa = PBXBuildFile; fileRef = 68CBE9782A0E447D00F4AC2E /* GenreService.swift */; };
		68CBE97B2A0E449A00F4AC2E /* MovieService.swift in Sources */ = {isa = PBXBuildFile; fileRef = 68CBE97A2A0E449A00F4AC2E /* MovieService.swift */; };
/* End PBXBuildFile section */

/* Begin PBXFileReference section */
		68CBE9392A0E3F0D00F4AC2E /* CinematicAPI.framework */ = {isa = PBXFileReference; explicitFileType = wrapper.framework; includeInIndex = 0; path = CinematicAPI.framework; sourceTree = BUILT_PRODUCTS_DIR; };
		68CBE93C2A0E3F0D00F4AC2E /* CinematicAPI.h */ = {isa = PBXFileReference; lastKnownFileType = sourcecode.c.h; path = CinematicAPI.h; sourceTree = "<group>"; };
		68CBE93D2A0E3F0D00F4AC2E /* CinematicAPI.docc */ = {isa = PBXFileReference; lastKnownFileType = folder.documentationcatalog; path = CinematicAPI.docc; sourceTree = "<group>"; };
		68CBE94E2A0E40EE00F4AC2E /* Constants.swift */ = {isa = PBXFileReference; lastKnownFileType = sourcecode.swift; path = Constants.swift; sourceTree = "<group>"; };
		68CBE9552A0E420900F4AC2E /* Section.swift */ = {isa = PBXFileReference; lastKnownFileType = sourcecode.swift; path = Section.swift; sourceTree = "<group>"; };
		68CBE9572A0E424900F4AC2E /* Video.swift */ = {isa = PBXFileReference; lastKnownFileType = sourcecode.swift; path = Video.swift; sourceTree = "<group>"; };
		68CBE9592A0E426500F4AC2E /* Genre.swift */ = {isa = PBXFileReference; lastKnownFileType = sourcecode.swift; path = Genre.swift; sourceTree = "<group>"; };
		68CBE95B2A0E429500F4AC2E /* Status.swift */ = {isa = PBXFileReference; lastKnownFileType = sourcecode.swift; path = Status.swift; sourceTree = "<group>"; };
		68CBE95D2A0E42B100F4AC2E /* MediaType.swift */ = {isa = PBXFileReference; lastKnownFileType = sourcecode.swift; path = MediaType.swift; sourceTree = "<group>"; };
		68CBE95F2A0E42D300F4AC2E /* MediaSummary.swift */ = {isa = PBXFileReference; lastKnownFileType = sourcecode.swift; path = MediaSummary.swift; sourceTree = "<group>"; };
		68CBE9612A0E42F100F4AC2E /* MediaResult.swift */ = {isa = PBXFileReference; lastKnownFileType = sourcecode.swift; path = MediaResult.swift; sourceTree = "<group>"; };
		68CBE9632A0E431200F4AC2E /* Cast.swift */ = {isa = PBXFileReference; lastKnownFileType = sourcecode.swift; path = Cast.swift; sourceTree = "<group>"; };
		68CBE9652A0E433400F4AC2E /* Crew.swift */ = {isa = PBXFileReference; lastKnownFileType = sourcecode.swift; path = Crew.swift; sourceTree = "<group>"; };
		68CBE9672A0E435000F4AC2E /* Credits.swift */ = {isa = PBXFileReference; lastKnownFileType = sourcecode.swift; path = Credits.swift; sourceTree = "<group>"; };
		68CBE9692A0E436F00F4AC2E /* Movie.swift */ = {isa = PBXFileReference; lastKnownFileType = sourcecode.swift; path = Movie.swift; sourceTree = "<group>"; };
		68CBE96B2A0E439B00F4AC2E /* TV.swift */ = {isa = PBXFileReference; lastKnownFileType = sourcecode.swift; path = TV.swift; sourceTree = "<group>"; };
		68CBE96D2A0E43BC00F4AC2E /* DummyData.swift */ = {isa = PBXFileReference; lastKnownFileType = sourcecode.swift; path = DummyData.swift; sourceTree = "<group>"; };
		68CBE96F2A0E43E200F4AC2E /* NetworkRequestError.swift */ = {isa = PBXFileReference; lastKnownFileType = sourcecode.swift; path = NetworkRequestError.swift; sourceTree = "<group>"; };
		68CBE9722A0E440300F4AC2E /* URLExtensions.swift */ = {isa = PBXFileReference; lastKnownFileType = sourcecode.swift; path = URLExtensions.swift; sourceTree = "<group>"; };
		68CBE9742A0E442F00F4AC2E /* ImageDownloader.swift */ = {isa = PBXFileReference; lastKnownFileType = sourcecode.swift; path = ImageDownloader.swift; sourceTree = "<group>"; };
		68CBE9762A0E444E00F4AC2E /* CinematicURL.swift */ = {isa = PBXFileReference; lastKnownFileType = sourcecode.swift; path = CinematicURL.swift; sourceTree = "<group>"; };
		68CBE9782A0E447D00F4AC2E /* GenreService.swift */ = {isa = PBXFileReference; lastKnownFileType = sourcecode.swift; path = GenreService.swift; sourceTree = "<group>"; };
		68CBE97A2A0E449A00F4AC2E /* MovieService.swift */ = {isa = PBXFileReference; lastKnownFileType = sourcecode.swift; path = MovieService.swift; sourceTree = "<group>"; };
/* End PBXFileReference section */

/* Begin PBXFrameworksBuildPhase section */
		68CBE9362A0E3F0D00F4AC2E /* Frameworks */ = {
			isa = PBXFrameworksBuildPhase;
			buildActionMask = 2147483647;
			files = (
			);
			runOnlyForDeploymentPostprocessing = 0;
		};
/* End PBXFrameworksBuildPhase section */

/* Begin PBXGroup section */
		68CBE92F2A0E3F0D00F4AC2E = {
			isa = PBXGroup;
			children = (
				68CBE93B2A0E3F0D00F4AC2E /* CinematicAPI */,
				68CBE93A2A0E3F0D00F4AC2E /* Products */,
			);
			sourceTree = "<group>";
		};
		68CBE93A2A0E3F0D00F4AC2E /* Products */ = {
			isa = PBXGroup;
			children = (
				68CBE9392A0E3F0D00F4AC2E /* CinematicAPI.framework */,
			);
			name = Products;
			sourceTree = "<group>";
		};
		68CBE93B2A0E3F0D00F4AC2E /* CinematicAPI */ = {
			isa = PBXGroup;
			children = (
				68CBE9712A0E43F700F4AC2E /* Extensions */,
				68CBE94D2A0E40E400F4AC2E /* Core */,
				68CBE9472A0E40AE00F4AC2E /* Models */,
				68CBE9462A0E40A800F4AC2E /* Data */,
				68CBE9452A0E409A00F4AC2E /* Networking */,
				68CBE93C2A0E3F0D00F4AC2E /* CinematicAPI.h */,
				68CBE93D2A0E3F0D00F4AC2E /* CinematicAPI.docc */,
			);
			path = CinematicAPI;
			sourceTree = "<group>";
		};
		68CBE9452A0E409A00F4AC2E /* Networking */ = {
			isa = PBXGroup;
			children = (
				68CBE96F2A0E43E200F4AC2E /* NetworkRequestError.swift */,
				68CBE9742A0E442F00F4AC2E /* ImageDownloader.swift */,
				68CBE9762A0E444E00F4AC2E /* CinematicURL.swift */,
				68CBE9782A0E447D00F4AC2E /* GenreService.swift */,
				68CBE97A2A0E449A00F4AC2E /* MovieService.swift */,
			);
			path = Networking;
			sourceTree = "<group>";
		};
		68CBE9462A0E40A800F4AC2E /* Data */ = {
			isa = PBXGroup;
			children = (
				68CBE96D2A0E43BC00F4AC2E /* DummyData.swift */,
			);
			path = Data;
			sourceTree = "<group>";
		};
		68CBE9472A0E40AE00F4AC2E /* Models */ = {
			isa = PBXGroup;
			children = (
				68CBE94C2A0E40CF00F4AC2E /* Credits */,
				68CBE94B2A0E40C700F4AC2E /* TV */,
				68CBE94A2A0E40C300F4AC2E /* Movie */,
				68CBE9492A0E40BE00F4AC2E /* Media */,
				68CBE9482A0E40B400F4AC2E /* Section */,
			);
			path = Models;
			sourceTree = "<group>";
		};
		68CBE9482A0E40B400F4AC2E /* Section */ = {
			isa = PBXGroup;
			children = (
				68CBE9552A0E420900F4AC2E /* Section.swift */,
			);
			path = Section;
			sourceTree = "<group>";
		};
		68CBE9492A0E40BE00F4AC2E /* Media */ = {
			isa = PBXGroup;
			children = (
				68CBE9572A0E424900F4AC2E /* Video.swift */,
				68CBE9592A0E426500F4AC2E /* Genre.swift */,
				68CBE95B2A0E429500F4AC2E /* Status.swift */,
				68CBE95D2A0E42B100F4AC2E /* MediaType.swift */,
				68CBE95F2A0E42D300F4AC2E /* MediaSummary.swift */,
				68CBE9612A0E42F100F4AC2E /* MediaResult.swift */,
			);
			path = Media;
			sourceTree = "<group>";
		};
		68CBE94A2A0E40C300F4AC2E /* Movie */ = {
			isa = PBXGroup;
			children = (
				68CBE9692A0E436F00F4AC2E /* Movie.swift */,
			);
			path = Movie;
			sourceTree = "<group>";
		};
		68CBE94B2A0E40C700F4AC2E /* TV */ = {
			isa = PBXGroup;
			children = (
				68CBE96B2A0E439B00F4AC2E /* TV.swift */,
			);
			path = TV;
			sourceTree = "<group>";
		};
		68CBE94C2A0E40CF00F4AC2E /* Credits */ = {
			isa = PBXGroup;
			children = (
				68CBE9632A0E431200F4AC2E /* Cast.swift */,
				68CBE9652A0E433400F4AC2E /* Crew.swift */,
				68CBE9672A0E435000F4AC2E /* Credits.swift */,
			);
			path = Credits;
			sourceTree = "<group>";
		};
		68CBE94D2A0E40E400F4AC2E /* Core */ = {
			isa = PBXGroup;
			children = (
				68CBE94E2A0E40EE00F4AC2E /* Constants.swift */,
			);
			path = Core;
			sourceTree = "<group>";
		};
		68CBE9712A0E43F700F4AC2E /* Extensions */ = {
			isa = PBXGroup;
			children = (
				68CBE9722A0E440300F4AC2E /* URLExtensions.swift */,
			);
			path = Extensions;
			sourceTree = "<group>";
		};
/* End PBXGroup section */

/* Begin PBXHeadersBuildPhase section */
		68CBE9342A0E3F0D00F4AC2E /* Headers */ = {
			isa = PBXHeadersBuildPhase;
			buildActionMask = 2147483647;
			files = (
				68CBE93F2A0E3F0D00F4AC2E /* CinematicAPI.h in Headers */,
			);
			runOnlyForDeploymentPostprocessing = 0;
		};
/* End PBXHeadersBuildPhase section */

/* Begin PBXNativeTarget section */
		68CBE9382A0E3F0D00F4AC2E /* CinematicAPI */ = {
			isa = PBXNativeTarget;
			buildConfigurationList = 68CBE9422A0E3F0D00F4AC2E /* Build configuration list for PBXNativeTarget "CinematicAPI" */;
			buildPhases = (
				68CBE9342A0E3F0D00F4AC2E /* Headers */,
				68CBE9352A0E3F0D00F4AC2E /* Sources */,
				68CBE9362A0E3F0D00F4AC2E /* Frameworks */,
				68CBE9372A0E3F0D00F4AC2E /* Resources */,
			);
			buildRules = (
			);
			dependencies = (
			);
			name = CinematicAPI;
			productName = CinematicAPI;
			productReference = 68CBE9392A0E3F0D00F4AC2E /* CinematicAPI.framework */;
			productType = "com.apple.product-type.framework";
		};
/* End PBXNativeTarget section */

/* Begin PBXProject section */
		68CBE9302A0E3F0D00F4AC2E /* Project object */ = {
			isa = PBXProject;
			attributes = {
				BuildIndependentTargetsInParallel = 1;
				LastUpgradeCheck = 1430;
				TargetAttributes = {
					68CBE9382A0E3F0D00F4AC2E = {
						CreatedOnToolsVersion = 14.3;
					};
				};
			};
			buildConfigurationList = 68CBE9332A0E3F0D00F4AC2E /* Build configuration list for PBXProject "CinematicAPI" */;
			compatibilityVersion = "Xcode 14.0";
			developmentRegion = en;
			hasScannedForEncodings = 0;
			knownRegions = (
				en,
				Base,
			);
			mainGroup = 68CBE92F2A0E3F0D00F4AC2E;
			productRefGroup = 68CBE93A2A0E3F0D00F4AC2E /* Products */;
			projectDirPath = "";
			projectRoot = "";
			targets = (
				68CBE9382A0E3F0D00F4AC2E /* CinematicAPI */,
			);
		};
/* End PBXProject section */

/* Begin PBXResourcesBuildPhase section */
		68CBE9372A0E3F0D00F4AC2E /* Resources */ = {
			isa = PBXResourcesBuildPhase;
			buildActionMask = 2147483647;
			files = (
			);
			runOnlyForDeploymentPostprocessing = 0;
		};
/* End PBXResourcesBuildPhase section */

/* Begin PBXSourcesBuildPhase section */
		68CBE9352A0E3F0D00F4AC2E /* Sources */ = {
			isa = PBXSourcesBuildPhase;
			buildActionMask = 2147483647;
			files = (
				68CBE9562A0E420900F4AC2E /* Section.swift in Sources */,
				68CBE9772A0E444E00F4AC2E /* CinematicURL.swift in Sources */,
				68CBE9702A0E43E200F4AC2E /* NetworkRequestError.swift in Sources */,
				68CBE9582A0E424900F4AC2E /* Video.swift in Sources */,
				68CBE9642A0E431200F4AC2E /* Cast.swift in Sources */,
				68CBE96E2A0E43BC00F4AC2E /* DummyData.swift in Sources */,
				68CBE97B2A0E449A00F4AC2E /* MovieService.swift in Sources */,
				68CBE96C2A0E439B00F4AC2E /* TV.swift in Sources */,
				68CBE9662A0E433400F4AC2E /* Crew.swift in Sources */,
				68CBE93E2A0E3F0D00F4AC2E /* CinematicAPI.docc in Sources */,
				68CBE9602A0E42D300F4AC2E /* MediaSummary.swift in Sources */,
				68CBE94F2A0E40EE00F4AC2E /* Constants.swift in Sources */,
				68CBE9622A0E42F100F4AC2E /* MediaResult.swift in Sources */,
				68CBE9732A0E440300F4AC2E /* URLExtensions.swift in Sources */,
				68CBE96A2A0E436F00F4AC2E /* Movie.swift in Sources */,
				68CBE95A2A0E426500F4AC2E /* Genre.swift in Sources */,
				68CBE95C2A0E429500F4AC2E /* Status.swift in Sources */,
				68CBE9682A0E435000F4AC2E /* Credits.swift in Sources */,
				68CBE9752A0E442F00F4AC2E /* ImageDownloader.swift in Sources */,
				68CBE95E2A0E42B100F4AC2E /* MediaType.swift in Sources */,
				68CBE9792A0E447D00F4AC2E /* GenreService.swift in Sources */,
			);
			runOnlyForDeploymentPostprocessing = 0;
		};
/* End PBXSourcesBuildPhase section */

/* Begin XCBuildConfiguration section */
		68CBE9402A0E3F0D00F4AC2E /* Debug */ = {
			isa = XCBuildConfiguration;
			buildSettings = {
				ALWAYS_SEARCH_USER_PATHS = NO;
				CLANG_ANALYZER_NONNULL = YES;
				CLANG_ANALYZER_NUMBER_OBJECT_CONVERSION = YES_AGGRESSIVE;
				CLANG_CXX_LANGUAGE_STANDARD = "gnu++20";
				CLANG_ENABLE_MODULES = YES;
				CLANG_ENABLE_OBJC_ARC = YES;
				CLANG_ENABLE_OBJC_WEAK = YES;
				CLANG_WARN_BLOCK_CAPTURE_AUTORELEASING = YES;
				CLANG_WARN_BOOL_CONVERSION = YES;
				CLANG_WARN_COMMA = YES;
				CLANG_WARN_CONSTANT_CONVERSION = YES;
				CLANG_WARN_DEPRECATED_OBJC_IMPLEMENTATIONS = YES;
				CLANG_WARN_DIRECT_OBJC_ISA_USAGE = YES_ERROR;
				CLANG_WARN_DOCUMENTATION_COMMENTS = YES;
				CLANG_WARN_EMPTY_BODY = YES;
				CLANG_WARN_ENUM_CONVERSION = YES;
				CLANG_WARN_INFINITE_RECURSION = YES;
				CLANG_WARN_INT_CONVERSION = YES;
				CLANG_WARN_NON_LITERAL_NULL_CONVERSION = YES;
				CLANG_WARN_OBJC_IMPLICIT_RETAIN_SELF = YES;
				CLANG_WARN_OBJC_LITERAL_CONVERSION = YES;
				CLANG_WARN_OBJC_ROOT_CLASS = YES_ERROR;
				CLANG_WARN_QUOTED_INCLUDE_IN_FRAMEWORK_HEADER = YES;
				CLANG_WARN_RANGE_LOOP_ANALYSIS = YES;
				CLANG_WARN_STRICT_PROTOTYPES = YES;
				CLANG_WARN_SUSPICIOUS_MOVE = YES;
				CLANG_WARN_UNGUARDED_AVAILABILITY = YES_AGGRESSIVE;
				CLANG_WARN_UNREACHABLE_CODE = YES;
				CLANG_WARN__DUPLICATE_METHOD_MATCH = YES;
				COPY_PHASE_STRIP = NO;
				CURRENT_PROJECT_VERSION = 1;
				DEBUG_INFORMATION_FORMAT = dwarf;
				ENABLE_STRICT_OBJC_MSGSEND = YES;
				ENABLE_TESTABILITY = YES;
				GCC_C_LANGUAGE_STANDARD = gnu11;
				GCC_DYNAMIC_NO_PIC = NO;
				GCC_NO_COMMON_BLOCKS = YES;
				GCC_OPTIMIZATION_LEVEL = 0;
				GCC_PREPROCESSOR_DEFINITIONS = (
					"DEBUG=1",
					"$(inherited)",
				);
				GCC_WARN_64_TO_32_BIT_CONVERSION = YES;
				GCC_WARN_ABOUT_RETURN_TYPE = YES_ERROR;
				GCC_WARN_UNDECLARED_SELECTOR = YES;
				GCC_WARN_UNINITIALIZED_AUTOS = YES_AGGRESSIVE;
				GCC_WARN_UNUSED_FUNCTION = YES;
				GCC_WARN_UNUSED_VARIABLE = YES;
				IPHONEOS_DEPLOYMENT_TARGET = 16.4;
				MTL_ENABLE_DEBUG_INFO = INCLUDE_SOURCE;
				MTL_FAST_MATH = YES;
				ONLY_ACTIVE_ARCH = YES;
				SDKROOT = iphoneos;
				SWIFT_ACTIVE_COMPILATION_CONDITIONS = DEBUG;
				SWIFT_OPTIMIZATION_LEVEL = "-Onone";
				VERSIONING_SYSTEM = "apple-generic";
				VERSION_INFO_PREFIX = "";
			};
			name = Debug;
		};
		68CBE9412A0E3F0D00F4AC2E /* Release */ = {
			isa = XCBuildConfiguration;
			buildSettings = {
				ALWAYS_SEARCH_USER_PATHS = NO;
				CLANG_ANALYZER_NONNULL = YES;
				CLANG_ANALYZER_NUMBER_OBJECT_CONVERSION = YES_AGGRESSIVE;
				CLANG_CXX_LANGUAGE_STANDARD = "gnu++20";
				CLANG_ENABLE_MODULES = YES;
				CLANG_ENABLE_OBJC_ARC = YES;
				CLANG_ENABLE_OBJC_WEAK = YES;
				CLANG_WARN_BLOCK_CAPTURE_AUTORELEASING = YES;
				CLANG_WARN_BOOL_CONVERSION = YES;
				CLANG_WARN_COMMA = YES;
				CLANG_WARN_CONSTANT_CONVERSION = YES;
				CLANG_WARN_DEPRECATED_OBJC_IMPLEMENTATIONS = YES;
				CLANG_WARN_DIRECT_OBJC_ISA_USAGE = YES_ERROR;
				CLANG_WARN_DOCUMENTATION_COMMENTS = YES;
				CLANG_WARN_EMPTY_BODY = YES;
				CLANG_WARN_ENUM_CONVERSION = YES;
				CLANG_WARN_INFINITE_RECURSION = YES;
				CLANG_WARN_INT_CONVERSION = YES;
				CLANG_WARN_NON_LITERAL_NULL_CONVERSION = YES;
				CLANG_WARN_OBJC_IMPLICIT_RETAIN_SELF = YES;
				CLANG_WARN_OBJC_LITERAL_CONVERSION = YES;
				CLANG_WARN_OBJC_ROOT_CLASS = YES_ERROR;
				CLANG_WARN_QUOTED_INCLUDE_IN_FRAMEWORK_HEADER = YES;
				CLANG_WARN_RANGE_LOOP_ANALYSIS = YES;
				CLANG_WARN_STRICT_PROTOTYPES = YES;
				CLANG_WARN_SUSPICIOUS_MOVE = YES;
				CLANG_WARN_UNGUARDED_AVAILABILITY = YES_AGGRESSIVE;
				CLANG_WARN_UNREACHABLE_CODE = YES;
				CLANG_WARN__DUPLICATE_METHOD_MATCH = YES;
				COPY_PHASE_STRIP = NO;
				CURRENT_PROJECT_VERSION = 1;
				DEBUG_INFORMATION_FORMAT = "dwarf-with-dsym";
				ENABLE_NS_ASSERTIONS = NO;
				ENABLE_STRICT_OBJC_MSGSEND = YES;
				GCC_C_LANGUAGE_STANDARD = gnu11;
				GCC_NO_COMMON_BLOCKS = YES;
				GCC_WARN_64_TO_32_BIT_CONVERSION = YES;
				GCC_WARN_ABOUT_RETURN_TYPE = YES_ERROR;
				GCC_WARN_UNDECLARED_SELECTOR = YES;
				GCC_WARN_UNINITIALIZED_AUTOS = YES_AGGRESSIVE;
				GCC_WARN_UNUSED_FUNCTION = YES;
				GCC_WARN_UNUSED_VARIABLE = YES;
				IPHONEOS_DEPLOYMENT_TARGET = 16.4;
				MTL_ENABLE_DEBUG_INFO = NO;
				MTL_FAST_MATH = YES;
				SDKROOT = iphoneos;
				SWIFT_COMPILATION_MODE = wholemodule;
				SWIFT_OPTIMIZATION_LEVEL = "-O";
				VALIDATE_PRODUCT = YES;
				VERSIONING_SYSTEM = "apple-generic";
				VERSION_INFO_PREFIX = "";
			};
			name = Release;
		};
		68CBE9432A0E3F0D00F4AC2E /* Debug */ = {
			isa = XCBuildConfiguration;
			buildSettings = {
				BUILD_LIBRARY_FOR_DISTRIBUTION = YES;
				CODE_SIGN_STYLE = Automatic;
				CURRENT_PROJECT_VERSION = 1;
				DEFINES_MODULE = YES;
				DEVELOPMENT_TEAM = LJ87H7HMY5;
				DYLIB_COMPATIBILITY_VERSION = 1;
				DYLIB_CURRENT_VERSION = 1;
				DYLIB_INSTALL_NAME_BASE = "@rpath";
				ENABLE_MODULE_VERIFIER = YES;
				GENERATE_INFOPLIST_FILE = YES;
				INFOPLIST_KEY_NSHumanReadableCopyright = "";
				INSTALL_PATH = "$(LOCAL_LIBRARY_DIR)/Frameworks";
				LD_RUNPATH_SEARCH_PATHS = (
					"$(inherited)",
					"@executable_path/Frameworks",
					"@loader_path/Frameworks",
				);
				MARKETING_VERSION = 1.0;
				MODULE_VERIFIER_SUPPORTED_LANGUAGES = "objective-c objective-c++";
				MODULE_VERIFIER_SUPPORTED_LANGUAGE_STANDARDS = "gnu11 gnu++20";
				PRODUCT_BUNDLE_IDENTIFIER = com.mohsinayub.CinematicAPI;
				PRODUCT_NAME = "$(TARGET_NAME:c99extidentifier)";
				SKIP_INSTALL = YES;
				SWIFT_EMIT_LOC_STRINGS = YES;
				SWIFT_VERSION = 5.0;
				TARGETED_DEVICE_FAMILY = "1,2";
			};
			name = Debug;
		};
		68CBE9442A0E3F0D00F4AC2E /* Release */ = {
			isa = XCBuildConfiguration;
			buildSettings = {
				BUILD_LIBRARY_FOR_DISTRIBUTION = YES;
				CODE_SIGN_STYLE = Automatic;
				CURRENT_PROJECT_VERSION = 1;
				DEFINES_MODULE = YES;
				DEVELOPMENT_TEAM = LJ87H7HMY5;
				DYLIB_COMPATIBILITY_VERSION = 1;
				DYLIB_CURRENT_VERSION = 1;
				DYLIB_INSTALL_NAME_BASE = "@rpath";
				ENABLE_MODULE_VERIFIER = YES;
				GENERATE_INFOPLIST_FILE = YES;
				INFOPLIST_KEY_NSHumanReadableCopyright = "";
				INSTALL_PATH = "$(LOCAL_LIBRARY_DIR)/Frameworks";
				LD_RUNPATH_SEARCH_PATHS = (
					"$(inherited)",
					"@executable_path/Frameworks",
					"@loader_path/Frameworks",
				);
				MARKETING_VERSION = 1.0;
				MODULE_VERIFIER_SUPPORTED_LANGUAGES = "objective-c objective-c++";
				MODULE_VERIFIER_SUPPORTED_LANGUAGE_STANDARDS = "gnu11 gnu++20";
				PRODUCT_BUNDLE_IDENTIFIER = com.mohsinayub.CinematicAPI;
				PRODUCT_NAME = "$(TARGET_NAME:c99extidentifier)";
				SKIP_INSTALL = YES;
				SWIFT_EMIT_LOC_STRINGS = YES;
				SWIFT_VERSION = 5.0;
				TARGETED_DEVICE_FAMILY = "1,2";
			};
			name = Release;
		};
/* End XCBuildConfiguration section */

/* Begin XCConfigurationList section */
		68CBE9332A0E3F0D00F4AC2E /* Build configuration list for PBXProject "CinematicAPI" */ = {
			isa = XCConfigurationList;
			buildConfigurations = (
				68CBE9402A0E3F0D00F4AC2E /* Debug */,
				68CBE9412A0E3F0D00F4AC2E /* Release */,
			);
			defaultConfigurationIsVisible = 0;
			defaultConfigurationName = Release;
		};
		68CBE9422A0E3F0D00F4AC2E /* Build configuration list for PBXNativeTarget "CinematicAPI" */ = {
			isa = XCConfigurationList;
			buildConfigurations = (
				68CBE9432A0E3F0D00F4AC2E /* Debug */,
				68CBE9442A0E3F0D00F4AC2E /* Release */,
			);
			defaultConfigurationIsVisible = 0;
			defaultConfigurationName = Release;
		};
/* End XCConfigurationList section */
	};
	rootObject = 68CBE9302A0E3F0D00F4AC2E /* Project object */;
}
