// !$*UTF8*$!
{
	archiveVersion = 1;
	classes = {
	};
	objectVersion = 56;
	objects = {

/* Begin PBXBuildFile section */
		68195C3328E1661A007350A3 /* AppDelegate.swift in Sources */ = {isa = PBXBuildFile; fileRef = 68195C3228E1661A007350A3 /* AppDelegate.swift */; };
		68195C3528E1661A007350A3 /* SceneDelegate.swift in Sources */ = {isa = PBXBuildFile; fileRef = 68195C3428E1661A007350A3 /* SceneDelegate.swift */; };
		68195C3A28E1661A007350A3 /* Main.storyboard in Resources */ = {isa = PBXBuildFile; fileRef = 68195C3828E1661A007350A3 /* Main.storyboard */; };
		68195C3C28E1661C007350A3 /* Assets.xcassets in Resources */ = {isa = PBXBuildFile; fileRef = 68195C3B28E1661C007350A3 /* Assets.xcassets */; };
		68195C3F28E1661C007350A3 /* LaunchScreen.storyboard in Resources */ = {isa = PBXBuildFile; fileRef = 68195C3D28E1661C007350A3 /* LaunchScreen.storyboard */; };
		68753672299630E7000182E9 /* Movie.swift in Sources */ = {isa = PBXBuildFile; fileRef = 68753671299630E7000182E9 /* Movie.swift */; };
		68753674299631EE000182E9 /* Constants.swift in Sources */ = {isa = PBXBuildFile; fileRef = 68753673299631EE000182E9 /* Constants.swift */; };
		6875367629963326000182E9 /* Cast.swift in Sources */ = {isa = PBXBuildFile; fileRef = 6875367529963326000182E9 /* Cast.swift */; };
		68753678299636B2000182E9 /* Crew.swift in Sources */ = {isa = PBXBuildFile; fileRef = 68753677299636B2000182E9 /* Crew.swift */; };
		6875367A29963AE0000182E9 /* Credits.swift in Sources */ = {isa = PBXBuildFile; fileRef = 6875367929963AE0000182E9 /* Credits.swift */; };
		6875367C29963B28000182E9 /* Video.swift in Sources */ = {isa = PBXBuildFile; fileRef = 6875367B29963B28000182E9 /* Video.swift */; };
		6875368229963C64000182E9 /* MediaSummary.swift in Sources */ = {isa = PBXBuildFile; fileRef = 6875368129963C64000182E9 /* MediaSummary.swift */; };
		6875368429963CF1000182E9 /* MediaType.swift in Sources */ = {isa = PBXBuildFile; fileRef = 6875368329963CF1000182E9 /* MediaType.swift */; };
		68753686299642D9000182E9 /* MediaResult.swift in Sources */ = {isa = PBXBuildFile; fileRef = 68753685299642D9000182E9 /* MediaResult.swift */; };
		687536882996435A000182E9 /* TV.swift in Sources */ = {isa = PBXBuildFile; fileRef = 687536872996435A000182E9 /* TV.swift */; };
		6875368A299643AA000182E9 /* Status.swift in Sources */ = {isa = PBXBuildFile; fileRef = 68753689299643AA000182E9 /* Status.swift */; };
		6875368C299643C3000182E9 /* Genre.swift in Sources */ = {isa = PBXBuildFile; fileRef = 6875368B299643C3000182E9 /* Genre.swift */; };
		6875368F29964492000182E9 /* DummyData.swift in Sources */ = {isa = PBXBuildFile; fileRef = 6875368E29964492000182E9 /* DummyData.swift */; };
		6875369329965E81000182E9 /* NetworkRequestError.swift in Sources */ = {isa = PBXBuildFile; fileRef = 6875369229965E81000182E9 /* NetworkRequestError.swift */; };
		68ABD44729F6872E00969DE4 /* MovieService.swift in Sources */ = {isa = PBXBuildFile; fileRef = 68ABD44629F6872E00969DE4 /* MovieService.swift */; };
		68ABD44929F68A6D00969DE4 /* CinematicURL.swift in Sources */ = {isa = PBXBuildFile; fileRef = 68ABD44829F68A6D00969DE4 /* CinematicURL.swift */; };
		68ABD44D29F696E800969DE4 /* URLExtensions.swift in Sources */ = {isa = PBXBuildFile; fileRef = 68ABD44C29F696E800969DE4 /* URLExtensions.swift */; };
		68ABD44F29F6BBCE00969DE4 /* SearchAndFilterCell.xib in Resources */ = {isa = PBXBuildFile; fileRef = 68ABD44E29F6BBCE00969DE4 /* SearchAndFilterCell.xib */; };
		68ABD45829F7BA0600969DE4 /* SearchAndFilterCell.swift in Sources */ = {isa = PBXBuildFile; fileRef = 68ABD45729F7BA0600969DE4 /* SearchAndFilterCell.swift */; };
		68C84ECB29F7E4DD00780D98 /* ImageDownloader.swift in Sources */ = {isa = PBXBuildFile; fileRef = 68C84ECA29F7E4DD00780D98 /* ImageDownloader.swift */; };
		68C84ECD29F7F69A00780D98 /* MediaCell.xib in Resources */ = {isa = PBXBuildFile; fileRef = 68C84ECC29F7F69A00780D98 /* MediaCell.xib */; };
		68EC996029FA692F002C1B7D /* MediaCell.swift in Sources */ = {isa = PBXBuildFile; fileRef = 68EC995F29FA692F002C1B7D /* MediaCell.swift */; };
		68EC996229FA6C12002C1B7D /* TrendingViewController.swift in Sources */ = {isa = PBXBuildFile; fileRef = 68EC996129FA6C12002C1B7D /* TrendingViewController.swift */; };
		68EC996429FA9539002C1B7D /* MediaDetailViewController.swift in Sources */ = {isa = PBXBuildFile; fileRef = 68EC996329FA9539002C1B7D /* MediaDetailViewController.swift */; };
		68EC996D2A00FA8F002C1B7D /* Section.swift in Sources */ = {isa = PBXBuildFile; fileRef = 68EC996C2A00FA8F002C1B7D /* Section.swift */; };
		68EC99702A00FB46002C1B7D /* SectionHeaderView.swift in Sources */ = {isa = PBXBuildFile; fileRef = 68EC996E2A00FB46002C1B7D /* SectionHeaderView.swift */; };
		68EC99712A00FB46002C1B7D /* SectionHeaderView.xib in Resources */ = {isa = PBXBuildFile; fileRef = 68EC996F2A00FB46002C1B7D /* SectionHeaderView.xib */; };
		68EC99992A02C157002C1B7D /* SDWebImage in Frameworks */ = {isa = PBXBuildFile; productRef = 68EC99982A02C157002C1B7D /* SDWebImage */; };
/* End PBXBuildFile section */

/* Begin PBXFileReference section */
		68195C2F28E1661A007350A3 /* Cinematic.app */ = {isa = PBXFileReference; explicitFileType = wrapper.application; includeInIndex = 0; path = Cinematic.app; sourceTree = BUILT_PRODUCTS_DIR; };
		68195C3228E1661A007350A3 /* AppDelegate.swift */ = {isa = PBXFileReference; lastKnownFileType = sourcecode.swift; path = AppDelegate.swift; sourceTree = "<group>"; };
		68195C3428E1661A007350A3 /* SceneDelegate.swift */ = {isa = PBXFileReference; lastKnownFileType = sourcecode.swift; path = SceneDelegate.swift; sourceTree = "<group>"; };
		68195C3928E1661A007350A3 /* Base */ = {isa = PBXFileReference; lastKnownFileType = file.storyboard; name = Base; path = Base.lproj/Main.storyboard; sourceTree = "<group>"; };
		68195C3B28E1661C007350A3 /* Assets.xcassets */ = {isa = PBXFileReference; lastKnownFileType = folder.assetcatalog; path = Assets.xcassets; sourceTree = "<group>"; };
		68195C3E28E1661C007350A3 /* Base */ = {isa = PBXFileReference; lastKnownFileType = file.storyboard; name = Base; path = Base.lproj/LaunchScreen.storyboard; sourceTree = "<group>"; };
		68195C4028E1661C007350A3 /* Info.plist */ = {isa = PBXFileReference; lastKnownFileType = text.plist.xml; path = Info.plist; sourceTree = "<group>"; };
		68753671299630E7000182E9 /* Movie.swift */ = {isa = PBXFileReference; lastKnownFileType = sourcecode.swift; path = Movie.swift; sourceTree = "<group>"; };
		68753673299631EE000182E9 /* Constants.swift */ = {isa = PBXFileReference; lastKnownFileType = sourcecode.swift; path = Constants.swift; sourceTree = "<group>"; };
		6875367529963326000182E9 /* Cast.swift */ = {isa = PBXFileReference; lastKnownFileType = sourcecode.swift; path = Cast.swift; sourceTree = "<group>"; };
		68753677299636B2000182E9 /* Crew.swift */ = {isa = PBXFileReference; lastKnownFileType = sourcecode.swift; path = Crew.swift; sourceTree = "<group>"; };
		6875367929963AE0000182E9 /* Credits.swift */ = {isa = PBXFileReference; lastKnownFileType = sourcecode.swift; path = Credits.swift; sourceTree = "<group>"; };
		6875367B29963B28000182E9 /* Video.swift */ = {isa = PBXFileReference; lastKnownFileType = sourcecode.swift; path = Video.swift; sourceTree = "<group>"; };
		6875368129963C64000182E9 /* MediaSummary.swift */ = {isa = PBXFileReference; lastKnownFileType = sourcecode.swift; path = MediaSummary.swift; sourceTree = "<group>"; };
		6875368329963CF1000182E9 /* MediaType.swift */ = {isa = PBXFileReference; lastKnownFileType = sourcecode.swift; path = MediaType.swift; sourceTree = "<group>"; };
		68753685299642D9000182E9 /* MediaResult.swift */ = {isa = PBXFileReference; lastKnownFileType = sourcecode.swift; path = MediaResult.swift; sourceTree = "<group>"; };
		687536872996435A000182E9 /* TV.swift */ = {isa = PBXFileReference; lastKnownFileType = sourcecode.swift; path = TV.swift; sourceTree = "<group>"; };
		68753689299643AA000182E9 /* Status.swift */ = {isa = PBXFileReference; lastKnownFileType = sourcecode.swift; path = Status.swift; sourceTree = "<group>"; };
		6875368B299643C3000182E9 /* Genre.swift */ = {isa = PBXFileReference; lastKnownFileType = sourcecode.swift; path = Genre.swift; sourceTree = "<group>"; };
		6875368E29964492000182E9 /* DummyData.swift */ = {isa = PBXFileReference; lastKnownFileType = sourcecode.swift; path = DummyData.swift; sourceTree = "<group>"; };
		6875369229965E81000182E9 /* NetworkRequestError.swift */ = {isa = PBXFileReference; lastKnownFileType = sourcecode.swift; path = NetworkRequestError.swift; sourceTree = "<group>"; };
		68ABD44629F6872E00969DE4 /* MovieService.swift */ = {isa = PBXFileReference; lastKnownFileType = sourcecode.swift; path = MovieService.swift; sourceTree = "<group>"; };
		68ABD44829F68A6D00969DE4 /* CinematicURL.swift */ = {isa = PBXFileReference; lastKnownFileType = sourcecode.swift; path = CinematicURL.swift; sourceTree = "<group>"; };
		68ABD44C29F696E800969DE4 /* URLExtensions.swift */ = {isa = PBXFileReference; lastKnownFileType = sourcecode.swift; path = URLExtensions.swift; sourceTree = "<group>"; };
		68ABD44E29F6BBCE00969DE4 /* SearchAndFilterCell.xib */ = {isa = PBXFileReference; lastKnownFileType = file.xib; path = SearchAndFilterCell.xib; sourceTree = "<group>"; };
		68ABD45729F7BA0600969DE4 /* SearchAndFilterCell.swift */ = {isa = PBXFileReference; lastKnownFileType = sourcecode.swift; path = SearchAndFilterCell.swift; sourceTree = "<group>"; };
		68C84ECA29F7E4DD00780D98 /* ImageDownloader.swift */ = {isa = PBXFileReference; lastKnownFileType = sourcecode.swift; path = ImageDownloader.swift; sourceTree = "<group>"; };
		68C84ECC29F7F69A00780D98 /* MediaCell.xib */ = {isa = PBXFileReference; lastKnownFileType = file.xib; path = MediaCell.xib; sourceTree = "<group>"; };
		68EC995F29FA692F002C1B7D /* MediaCell.swift */ = {isa = PBXFileReference; lastKnownFileType = sourcecode.swift; path = MediaCell.swift; sourceTree = "<group>"; };
		68EC996129FA6C12002C1B7D /* TrendingViewController.swift */ = {isa = PBXFileReference; lastKnownFileType = sourcecode.swift; path = TrendingViewController.swift; sourceTree = "<group>"; };
		68EC996329FA9539002C1B7D /* MediaDetailViewController.swift */ = {isa = PBXFileReference; lastKnownFileType = sourcecode.swift; path = MediaDetailViewController.swift; sourceTree = "<group>"; };
		68EC996C2A00FA8F002C1B7D /* Section.swift */ = {isa = PBXFileReference; lastKnownFileType = sourcecode.swift; path = Section.swift; sourceTree = "<group>"; };
		68EC996E2A00FB46002C1B7D /* SectionHeaderView.swift */ = {isa = PBXFileReference; lastKnownFileType = sourcecode.swift; path = SectionHeaderView.swift; sourceTree = "<group>"; };
		68EC996F2A00FB46002C1B7D /* SectionHeaderView.xib */ = {isa = PBXFileReference; lastKnownFileType = file.xib; path = SectionHeaderView.xib; sourceTree = "<group>"; };
/* End PBXFileReference section */

/* Begin PBXFrameworksBuildPhase section */
		68195C2C28E1661A007350A3 /* Frameworks */ = {
			isa = PBXFrameworksBuildPhase;
			buildActionMask = 2147483647;
			files = (
				68EC99992A02C157002C1B7D /* SDWebImage in Frameworks */,
			);
			runOnlyForDeploymentPostprocessing = 0;
		};
/* End PBXFrameworksBuildPhase section */

/* Begin PBXGroup section */
		68195C2628E1661A007350A3 = {
			isa = PBXGroup;
			children = (
				68195C3128E1661A007350A3 /* Cinematic */,
				68195C3028E1661A007350A3 /* Products */,
			);
			sourceTree = "<group>";
		};
		68195C3028E1661A007350A3 /* Products */ = {
			isa = PBXGroup;
			children = (
				68195C2F28E1661A007350A3 /* Cinematic.app */,
			);
			name = Products;
			sourceTree = "<group>";
		};
		68195C3128E1661A007350A3 /* Cinematic */ = {
			isa = PBXGroup;
			children = (
				68C84EC729F7DC6F00780D98 /* Extensions */,
				68195C4628E1882D007350A3 /* Core */,
				68195C4728E1883A007350A3 /* Views */,
				68195C4828E18842007350A3 /* Controllers */,
				68195C4928E1885B007350A3 /* Resources */,
				68195C4028E1661C007350A3 /* Info.plist */,
			);
			path = Cinematic;
			sourceTree = "<group>";
		};
		68195C4628E1882D007350A3 /* Core */ = {
			isa = PBXGroup;
			children = (
				68E48D9028E4280B00660667 /* Domain */,
			);
			path = Core;
			sourceTree = "<group>";
		};
		68195C4728E1883A007350A3 /* Views */ = {
			isa = PBXGroup;
			children = (
				68BD273D29F7D4C30036FF53 /* Media Summary Cell */,
				68ABD45629F7B9DF00969DE4 /* Search View */,
				68195C3828E1661A007350A3 /* Main.storyboard */,
				68195C3D28E1661C007350A3 /* LaunchScreen.storyboard */,
			);
			path = Views;
			sourceTree = "<group>";
		};
		68195C4828E18842007350A3 /* Controllers */ = {
			isa = PBXGroup;
			children = (
				68EC996129FA6C12002C1B7D /* TrendingViewController.swift */,
				68EC996329FA9539002C1B7D /* MediaDetailViewController.swift */,
			);
			path = Controllers;
			sourceTree = "<group>";
		};
		68195C4928E1885B007350A3 /* Resources */ = {
			isa = PBXGroup;
			children = (
				68195C3B28E1661C007350A3 /* Assets.xcassets */,
				68195C3228E1661A007350A3 /* AppDelegate.swift */,
				68195C3428E1661A007350A3 /* SceneDelegate.swift */,
			);
			path = Resources;
			sourceTree = "<group>";
		};
		6875367D29963C38000182E9 /* Movie */ = {
			isa = PBXGroup;
			children = (
				68753671299630E7000182E9 /* Movie.swift */,
			);
			path = Movie;
			sourceTree = "<group>";
		};
		6875367E29963C42000182E9 /* TV */ = {
			isa = PBXGroup;
			children = (
				687536872996435A000182E9 /* TV.swift */,
			);
			path = TV;
			sourceTree = "<group>";
		};
		6875367F29963C4D000182E9 /* Media */ = {
			isa = PBXGroup;
			children = (
				6875368129963C64000182E9 /* MediaSummary.swift */,
				6875368329963CF1000182E9 /* MediaType.swift */,
				68753685299642D9000182E9 /* MediaResult.swift */,
				68753689299643AA000182E9 /* Status.swift */,
				6875368B299643C3000182E9 /* Genre.swift */,
				6875367B29963B28000182E9 /* Video.swift */,
			);
			path = Media;
			sourceTree = "<group>";
		};
		6875368D29964407000182E9 /* Credits */ = {
			isa = PBXGroup;
			children = (
				6875367529963326000182E9 /* Cast.swift */,
				68753677299636B2000182E9 /* Crew.swift */,
				6875367929963AE0000182E9 /* Credits.swift */,
			);
			path = Credits;
			sourceTree = "<group>";
		};
		687536902996449B000182E9 /* Data */ = {
			isa = PBXGroup;
			children = (
				6875368E29964492000182E9 /* DummyData.swift */,
			);
			path = Data;
			sourceTree = "<group>";
		};
		6875369129965E69000182E9 /* Networking */ = {
			isa = PBXGroup;
			children = (
				6875369229965E81000182E9 /* NetworkRequestError.swift */,
				68ABD44629F6872E00969DE4 /* MovieService.swift */,
				68ABD44829F68A6D00969DE4 /* CinematicURL.swift */,
				68ABD44C29F696E800969DE4 /* URLExtensions.swift */,
				68C84ECA29F7E4DD00780D98 /* ImageDownloader.swift */,
			);
			path = Networking;
			sourceTree = "<group>";
		};
		68ABD45629F7B9DF00969DE4 /* Search View */ = {
			isa = PBXGroup;
			children = (
				68ABD44E29F6BBCE00969DE4 /* SearchAndFilterCell.xib */,
				68ABD45729F7BA0600969DE4 /* SearchAndFilterCell.swift */,
			);
			path = "Search View";
			sourceTree = "<group>";
		};
		68BD273D29F7D4C30036FF53 /* Media Summary Cell */ = {
			isa = PBXGroup;
			children = (
				68C84ECC29F7F69A00780D98 /* MediaCell.xib */,
				68EC995F29FA692F002C1B7D /* MediaCell.swift */,
				68EC996E2A00FB46002C1B7D /* SectionHeaderView.swift */,
				68EC996F2A00FB46002C1B7D /* SectionHeaderView.xib */,
			);
			path = "Media Summary Cell";
			sourceTree = "<group>";
		};
		68C84EC729F7DC6F00780D98 /* Extensions */ = {
			isa = PBXGroup;
			children = (
			);
			path = Extensions;
			sourceTree = "<group>";
		};
		68E48D9028E4280B00660667 /* Domain */ = {
			isa = PBXGroup;
			children = (
				6875369129965E69000182E9 /* Networking */,
				687536902996449B000182E9 /* Data */,
				68E48D9128E4281600660667 /* Models */,
				68753673299631EE000182E9 /* Constants.swift */,
			);
			path = Domain;
			sourceTree = "<group>";
		};
		68E48D9128E4281600660667 /* Models */ = {
			isa = PBXGroup;
			children = (
				68EC996B2A00FA83002C1B7D /* Section */,
				6875368D29964407000182E9 /* Credits */,
				6875367F29963C4D000182E9 /* Media */,
				6875367E29963C42000182E9 /* TV */,
				6875367D29963C38000182E9 /* Movie */,
			);
			path = Models;
			sourceTree = "<group>";
		};
		68EC996B2A00FA83002C1B7D /* Section */ = {
			isa = PBXGroup;
			children = (
				68EC996C2A00FA8F002C1B7D /* Section.swift */,
			);
			path = Section;
			sourceTree = "<group>";
		};
/* End PBXGroup section */

/* Begin PBXNativeTarget section */
		68195C2E28E1661A007350A3 /* Cinematic */ = {
			isa = PBXNativeTarget;
			buildConfigurationList = 68195C4328E1661C007350A3 /* Build configuration list for PBXNativeTarget "Cinematic" */;
			buildPhases = (
				68195C2B28E1661A007350A3 /* Sources */,
				68195C2C28E1661A007350A3 /* Frameworks */,
				68195C2D28E1661A007350A3 /* Resources */,
			);
			buildRules = (
			);
			dependencies = (
			);
			name = Cinematic;
			packageProductDependencies = (
				68EC99982A02C157002C1B7D /* SDWebImage */,
			);
			productName = Cinematic;
			productReference = 68195C2F28E1661A007350A3 /* Cinematic.app */;
			productType = "com.apple.product-type.application";
		};
/* End PBXNativeTarget section */

/* Begin PBXProject section */
		68195C2728E1661A007350A3 /* Project object */ = {
			isa = PBXProject;
			attributes = {
				BuildIndependentTargetsInParallel = 1;
				LastSwiftUpdateCheck = 1400;
				LastUpgradeCheck = 1400;
				TargetAttributes = {
					68195C2E28E1661A007350A3 = {
						CreatedOnToolsVersion = 14.0;
					};
				};
			};
			buildConfigurationList = 68195C2A28E1661A007350A3 /* Build configuration list for PBXProject "Cinematic" */;
			compatibilityVersion = "Xcode 14.0";
			developmentRegion = en;
			hasScannedForEncodings = 0;
			knownRegions = (
				en,
				Base,
			);
			mainGroup = 68195C2628E1661A007350A3;
			packageReferences = (
				68EC99972A02C157002C1B7D /* XCRemoteSwiftPackageReference "SDWebImage" */,
			);
			productRefGroup = 68195C3028E1661A007350A3 /* Products */;
			projectDirPath = "";
			projectRoot = "";
			targets = (
				68195C2E28E1661A007350A3 /* Cinematic */,
			);
		};
/* End PBXProject section */

/* Begin PBXResourcesBuildPhase section */
		68195C2D28E1661A007350A3 /* Resources */ = {
			isa = PBXResourcesBuildPhase;
			buildActionMask = 2147483647;
			files = (
				68195C3F28E1661C007350A3 /* LaunchScreen.storyboard in Resources */,
				68EC99712A00FB46002C1B7D /* SectionHeaderView.xib in Resources */,
				68ABD44F29F6BBCE00969DE4 /* SearchAndFilterCell.xib in Resources */,
				68C84ECD29F7F69A00780D98 /* MediaCell.xib in Resources */,
				68195C3C28E1661C007350A3 /* Assets.xcassets in Resources */,
				68195C3A28E1661A007350A3 /* Main.storyboard in Resources */,
			);
			runOnlyForDeploymentPostprocessing = 0;
		};
/* End PBXResourcesBuildPhase section */

/* Begin PBXSourcesBuildPhase section */
		68195C2B28E1661A007350A3 /* Sources */ = {
			isa = PBXSourcesBuildPhase;
			buildActionMask = 2147483647;
			files = (
				68EC996D2A00FA8F002C1B7D /* Section.swift in Sources */,
				6875368F29964492000182E9 /* DummyData.swift in Sources */,
				68ABD44929F68A6D00969DE4 /* CinematicURL.swift in Sources */,
				6875369329965E81000182E9 /* NetworkRequestError.swift in Sources */,
				68C84ECB29F7E4DD00780D98 /* ImageDownloader.swift in Sources */,
				68753674299631EE000182E9 /* Constants.swift in Sources */,
				687536882996435A000182E9 /* TV.swift in Sources */,
				68195C3328E1661A007350A3 /* AppDelegate.swift in Sources */,
				68EC996229FA6C12002C1B7D /* TrendingViewController.swift in Sources */,
				68ABD44D29F696E800969DE4 /* URLExtensions.swift in Sources */,
				68ABD45829F7BA0600969DE4 /* SearchAndFilterCell.swift in Sources */,
				68ABD44729F6872E00969DE4 /* MovieService.swift in Sources */,
				68EC996029FA692F002C1B7D /* MediaCell.swift in Sources */,
				68753678299636B2000182E9 /* Crew.swift in Sources */,
				6875367C29963B28000182E9 /* Video.swift in Sources */,
				68EC99702A00FB46002C1B7D /* SectionHeaderView.swift in Sources */,
				68753672299630E7000182E9 /* Movie.swift in Sources */,
				6875367629963326000182E9 /* Cast.swift in Sources */,
				6875367A29963AE0000182E9 /* Credits.swift in Sources */,
				6875368C299643C3000182E9 /* Genre.swift in Sources */,
				6875368A299643AA000182E9 /* Status.swift in Sources */,
				68195C3528E1661A007350A3 /* SceneDelegate.swift in Sources */,
				68EC996429FA9539002C1B7D /* MediaDetailViewController.swift in Sources */,
				6875368429963CF1000182E9 /* MediaType.swift in Sources */,
				6875368229963C64000182E9 /* MediaSummary.swift in Sources */,
				68753686299642D9000182E9 /* MediaResult.swift in Sources */,
			);
			runOnlyForDeploymentPostprocessing = 0;
		};
/* End PBXSourcesBuildPhase section */

/* Begin PBXVariantGroup section */
		68195C3828E1661A007350A3 /* Main.storyboard */ = {
			isa = PBXVariantGroup;
			children = (
				68195C3928E1661A007350A3 /* Base */,
			);
			name = Main.storyboard;
			sourceTree = "<group>";
		};
		68195C3D28E1661C007350A3 /* LaunchScreen.storyboard */ = {
			isa = PBXVariantGroup;
			children = (
				68195C3E28E1661C007350A3 /* Base */,
			);
			name = LaunchScreen.storyboard;
			sourceTree = "<group>";
		};
/* End PBXVariantGroup section */

/* Begin XCBuildConfiguration section */
		68195C4128E1661C007350A3 /* Debug */ = {
			isa = XCBuildConfiguration;
			buildSettings = {
				ALWAYS_SEARCH_USER_PATHS = NO;
				CLANG_ANALYZER_NONNULL = YES;
				CLANG_ANALYZER_NUMBER_OBJECT_CONVERSION = YES_AGGRESSIVE;
				CLANG_CXX_LANGUAGE_STANDARD = "gnu++20";
				CLANG_ENABLE_MODULES = YES;
				CLANG_ENABLE_OBJC_ARC = YES;
				CLANG_ENABLE_OBJC_WEAK = YES;
				CLANG_WARN_BLOCK_CAPTURE_AUTORELEASING = YES;
				CLANG_WARN_BOOL_CONVERSION = YES;
				CLANG_WARN_COMMA = YES;
				CLANG_WARN_CONSTANT_CONVERSION = YES;
				CLANG_WARN_DEPRECATED_OBJC_IMPLEMENTATIONS = YES;
				CLANG_WARN_DIRECT_OBJC_ISA_USAGE = YES_ERROR;
				CLANG_WARN_DOCUMENTATION_COMMENTS = YES;
				CLANG_WARN_EMPTY_BODY = YES;
				CLANG_WARN_ENUM_CONVERSION = YES;
				CLANG_WARN_INFINITE_RECURSION = YES;
				CLANG_WARN_INT_CONVERSION = YES;
				CLANG_WARN_NON_LITERAL_NULL_CONVERSION = YES;
				CLANG_WARN_OBJC_IMPLICIT_RETAIN_SELF = YES;
				CLANG_WARN_OBJC_LITERAL_CONVERSION = YES;
				CLANG_WARN_OBJC_ROOT_CLASS = YES_ERROR;
				CLANG_WARN_QUOTED_INCLUDE_IN_FRAMEWORK_HEADER = YES;
				CLANG_WARN_RANGE_LOOP_ANALYSIS = YES;
				CLANG_WARN_STRICT_PROTOTYPES = YES;
				CLANG_WARN_SUSPICIOUS_MOVE = YES;
				CLANG_WARN_UNGUARDED_AVAILABILITY = YES_AGGRESSIVE;
				CLANG_WARN_UNREACHABLE_CODE = YES;
				CLANG_WARN__DUPLICATE_METHOD_MATCH = YES;
				COPY_PHASE_STRIP = NO;
				DEBUG_INFORMATION_FORMAT = dwarf;
				ENABLE_STRICT_OBJC_MSGSEND = YES;
				ENABLE_TESTABILITY = YES;
				GCC_C_LANGUAGE_STANDARD = gnu11;
				GCC_DYNAMIC_NO_PIC = NO;
				GCC_NO_COMMON_BLOCKS = YES;
				GCC_OPTIMIZATION_LEVEL = 0;
				GCC_PREPROCESSOR_DEFINITIONS = (
					"DEBUG=1",
					"$(inherited)",
				);
				GCC_WARN_64_TO_32_BIT_CONVERSION = YES;
				GCC_WARN_ABOUT_RETURN_TYPE = YES_ERROR;
				GCC_WARN_UNDECLARED_SELECTOR = YES;
				GCC_WARN_UNINITIALIZED_AUTOS = YES_AGGRESSIVE;
				GCC_WARN_UNUSED_FUNCTION = YES;
				GCC_WARN_UNUSED_VARIABLE = YES;
				IPHONEOS_DEPLOYMENT_TARGET = 16.0;
				MTL_ENABLE_DEBUG_INFO = INCLUDE_SOURCE;
				MTL_FAST_MATH = YES;
				ONLY_ACTIVE_ARCH = YES;
				SDKROOT = iphoneos;
				SWIFT_ACTIVE_COMPILATION_CONDITIONS = DEBUG;
				SWIFT_OPTIMIZATION_LEVEL = "-Onone";
			};
			name = Debug;
		};
		68195C4228E1661C007350A3 /* Release */ = {
			isa = XCBuildConfiguration;
			buildSettings = {
				ALWAYS_SEARCH_USER_PATHS = NO;
				CLANG_ANALYZER_NONNULL = YES;
				CLANG_ANALYZER_NUMBER_OBJECT_CONVERSION = YES_AGGRESSIVE;
				CLANG_CXX_LANGUAGE_STANDARD = "gnu++20";
				CLANG_ENABLE_MODULES = YES;
				CLANG_ENABLE_OBJC_ARC = YES;
				CLANG_ENABLE_OBJC_WEAK = YES;
				CLANG_WARN_BLOCK_CAPTURE_AUTORELEASING = YES;
				CLANG_WARN_BOOL_CONVERSION = YES;
				CLANG_WARN_COMMA = YES;
				CLANG_WARN_CONSTANT_CONVERSION = YES;
				CLANG_WARN_DEPRECATED_OBJC_IMPLEMENTATIONS = YES;
				CLANG_WARN_DIRECT_OBJC_ISA_USAGE = YES_ERROR;
				CLANG_WARN_DOCUMENTATION_COMMENTS = YES;
				CLANG_WARN_EMPTY_BODY = YES;
				CLANG_WARN_ENUM_CONVERSION = YES;
				CLANG_WARN_INFINITE_RECURSION = YES;
				CLANG_WARN_INT_CONVERSION = YES;
				CLANG_WARN_NON_LITERAL_NULL_CONVERSION = YES;
				CLANG_WARN_OBJC_IMPLICIT_RETAIN_SELF = YES;
				CLANG_WARN_OBJC_LITERAL_CONVERSION = YES;
				CLANG_WARN_OBJC_ROOT_CLASS = YES_ERROR;
				CLANG_WARN_QUOTED_INCLUDE_IN_FRAMEWORK_HEADER = YES;
				CLANG_WARN_RANGE_LOOP_ANALYSIS = YES;
				CLANG_WARN_STRICT_PROTOTYPES = YES;
				CLANG_WARN_SUSPICIOUS_MOVE = YES;
				CLANG_WARN_UNGUARDED_AVAILABILITY = YES_AGGRESSIVE;
				CLANG_WARN_UNREACHABLE_CODE = YES;
				CLANG_WARN__DUPLICATE_METHOD_MATCH = YES;
				COPY_PHASE_STRIP = NO;
				DEBUG_INFORMATION_FORMAT = "dwarf-with-dsym";
				ENABLE_NS_ASSERTIONS = NO;
				ENABLE_STRICT_OBJC_MSGSEND = YES;
				GCC_C_LANGUAGE_STANDARD = gnu11;
				GCC_NO_COMMON_BLOCKS = YES;
				GCC_WARN_64_TO_32_BIT_CONVERSION = YES;
				GCC_WARN_ABOUT_RETURN_TYPE = YES_ERROR;
				GCC_WARN_UNDECLARED_SELECTOR = YES;
				GCC_WARN_UNINITIALIZED_AUTOS = YES_AGGRESSIVE;
				GCC_WARN_UNUSED_FUNCTION = YES;
				GCC_WARN_UNUSED_VARIABLE = YES;
				IPHONEOS_DEPLOYMENT_TARGET = 16.0;
				MTL_ENABLE_DEBUG_INFO = NO;
				MTL_FAST_MATH = YES;
				SDKROOT = iphoneos;
				SWIFT_COMPILATION_MODE = wholemodule;
				SWIFT_OPTIMIZATION_LEVEL = "-O";
				VALIDATE_PRODUCT = YES;
			};
			name = Release;
		};
		68195C4428E1661C007350A3 /* Debug */ = {
			isa = XCBuildConfiguration;
			buildSettings = {
				ASSETCATALOG_COMPILER_APPICON_NAME = AppIcon;
				ASSETCATALOG_COMPILER_GLOBAL_ACCENT_COLOR_NAME = AccentColor;
				CODE_SIGN_STYLE = Automatic;
				CURRENT_PROJECT_VERSION = 1;
				DEVELOPMENT_TEAM = LJ87H7HMY5;
				GENERATE_INFOPLIST_FILE = YES;
				INFOPLIST_FILE = Cinematic/Info.plist;
				INFOPLIST_KEY_UIApplicationSupportsIndirectInputEvents = YES;
				INFOPLIST_KEY_UILaunchStoryboardName = LaunchScreen;
				INFOPLIST_KEY_UIMainStoryboardFile = Main;
				INFOPLIST_KEY_UISupportedInterfaceOrientations_iPad = "UIInterfaceOrientationPortrait UIInterfaceOrientationPortraitUpsideDown UIInterfaceOrientationLandscapeLeft UIInterfaceOrientationLandscapeRight";
				INFOPLIST_KEY_UISupportedInterfaceOrientations_iPhone = "UIInterfaceOrientationPortrait UIInterfaceOrientationLandscapeLeft UIInterfaceOrientationLandscapeRight";
				LD_RUNPATH_SEARCH_PATHS = (
					"$(inherited)",
					"@executable_path/Frameworks",
				);
				MARKETING_VERSION = 1.0;
				PRODUCT_BUNDLE_IDENTIFIER = com.example.Cinematic;
				PRODUCT_NAME = "$(TARGET_NAME)";
				SWIFT_EMIT_LOC_STRINGS = YES;
				SWIFT_VERSION = 5.0;
				TARGETED_DEVICE_FAMILY = "1,2";
			};
			name = Debug;
		};
		68195C4528E1661C007350A3 /* Release */ = {
			isa = XCBuildConfiguration;
			buildSettings = {
				ASSETCATALOG_COMPILER_APPICON_NAME = AppIcon;
				ASSETCATALOG_COMPILER_GLOBAL_ACCENT_COLOR_NAME = AccentColor;
				CODE_SIGN_STYLE = Automatic;
				CURRENT_PROJECT_VERSION = 1;
				DEVELOPMENT_TEAM = LJ87H7HMY5;
				GENERATE_INFOPLIST_FILE = YES;
				INFOPLIST_FILE = Cinematic/Info.plist;
				INFOPLIST_KEY_UIApplicationSupportsIndirectInputEvents = YES;
				INFOPLIST_KEY_UILaunchStoryboardName = LaunchScreen;
				INFOPLIST_KEY_UIMainStoryboardFile = Main;
				INFOPLIST_KEY_UISupportedInterfaceOrientations_iPad = "UIInterfaceOrientationPortrait UIInterfaceOrientationPortraitUpsideDown UIInterfaceOrientationLandscapeLeft UIInterfaceOrientationLandscapeRight";
				INFOPLIST_KEY_UISupportedInterfaceOrientations_iPhone = "UIInterfaceOrientationPortrait UIInterfaceOrientationLandscapeLeft UIInterfaceOrientationLandscapeRight";
				LD_RUNPATH_SEARCH_PATHS = (
					"$(inherited)",
					"@executable_path/Frameworks",
				);
				MARKETING_VERSION = 1.0;
				PRODUCT_BUNDLE_IDENTIFIER = com.example.Cinematic;
				PRODUCT_NAME = "$(TARGET_NAME)";
				SWIFT_EMIT_LOC_STRINGS = YES;
				SWIFT_VERSION = 5.0;
				TARGETED_DEVICE_FAMILY = "1,2";
			};
			name = Release;
		};
/* End XCBuildConfiguration section */

/* Begin XCConfigurationList section */
		68195C2A28E1661A007350A3 /* Build configuration list for PBXProject "Cinematic" */ = {
			isa = XCConfigurationList;
			buildConfigurations = (
				68195C4128E1661C007350A3 /* Debug */,
				68195C4228E1661C007350A3 /* Release */,
			);
			defaultConfigurationIsVisible = 0;
			defaultConfigurationName = Release;
		};
		68195C4328E1661C007350A3 /* Build configuration list for PBXNativeTarget "Cinematic" */ = {
			isa = XCConfigurationList;
			buildConfigurations = (
				68195C4428E1661C007350A3 /* Debug */,
				68195C4528E1661C007350A3 /* Release */,
			);
			defaultConfigurationIsVisible = 0;
			defaultConfigurationName = Release;
		};
/* End XCConfigurationList section */

/* Begin XCRemoteSwiftPackageReference section */
		68EC99972A02C157002C1B7D /* XCRemoteSwiftPackageReference "SDWebImage" */ = {
			isa = XCRemoteSwiftPackageReference;
			repositoryURL = "https://github.com/SDWebImage/SDWebImage.git";
			requirement = {
				kind = upToNextMajorVersion;
				minimumVersion = 5.0.0;
			};
		};
/* End XCRemoteSwiftPackageReference section */

/* Begin XCSwiftPackageProductDependency section */
		68EC99982A02C157002C1B7D /* SDWebImage */ = {
			isa = XCSwiftPackageProductDependency;
			package = 68EC99972A02C157002C1B7D /* XCRemoteSwiftPackageReference "SDWebImage" */;
			productName = SDWebImage;
		};
/* End XCSwiftPackageProductDependency section */
	};
	rootObject = 68195C2728E1661A007350A3 /* Project object */;
}
